
Microsoft Visual Studio Solution File, Format Version 12.00
# Visual Studio Version 16
VisualStudioVersion = 16.0.29709.97
MinimumVisualStudioVersion = 10.0.40219.1
Project("{FAE04EC0-301F-11D3-BF4B-00C04F79EFBC}") = "FondooAPIController", "FondooAPIController\FondooAPIController.csproj", "{9933EBB9-53F2-4F67-8AEB-8C06FF88E32E}"
EndProject
Project("{FAE04EC0-301F-11D3-BF4B-00C04F79EFBC}") = "Model", "Model\Model.csproj", "{6468B9A6-DB43-49E2-B9B4-9234C386B921}"
EndProject
Project("{FAE04EC0-301F-11D3-BF4B-00C04F79EFBC}") = "Manager", "Manager\Manager.csproj", "{E8996AE3-3070-4153-A01E-5753E58A8841}"
EndProject
Project("{FAE04EC0-301F-11D3-BF4B-00C04F79EFBC}") = "Repository", "Repository\Repository.csproj", "{44B04397-A513-4D89-BD6D-B7D8F9B30B54}"
EndProject
Global
	GlobalSection(SolutionConfigurationPlatforms) = preSolution
		Debug|Any CPU = Debug|Any CPU
		Release|Any CPU = Release|Any CPU
	EndGlobalSection
	GlobalSection(ProjectConfigurationPlatforms) = postSolution
		{9933EBB9-53F2-4F67-8AEB-8C06FF88E32E}.Debug|Any CPU.ActiveCfg = Debug|Any CPU
		{9933EBB9-53F2-4F67-8AEB-8C06FF88E32E}.Debug|Any CPU.Build.0 = Debug|Any CPU
		{9933EBB9-53F2-4F67-8AEB-8C06FF88E32E}.Release|Any CPU.ActiveCfg = Release|Any CPU
		{9933EBB9-53F2-4F67-8AEB-8C06FF88E32E}.Release|Any CPU.Build.0 = Release|Any CPU
		{6468B9A6-DB43-49E2-B9B4-9234C386B921}.Debug|Any CPU.ActiveCfg = Debug|Any CPU
		{6468B9A6-DB43-49E2-B9B4-9234C386B921}.Debug|Any CPU.Build.0 = Debug|Any CPU
		{6468B9A6-DB43-49E2-B9B4-9234C386B921}.Release|Any CPU.ActiveCfg = Release|Any CPU
		{6468B9A6-DB43-49E2-B9B4-9234C386B921}.Release|Any CPU.Build.0 = Release|Any CPU
		{E8996AE3-3070-4153-A01E-5753E58A8841}.Debug|Any CPU.ActiveCfg = Debug|Any CPU
		{E8996AE3-3070-4153-A01E-5753E58A8841}.Debug|Any CPU.Build.0 = Debug|Any CPU
		{E8996AE3-3070-4153-A01E-5753E58A8841}.Release|Any CPU.ActiveCfg = Release|Any CPU
		{E8996AE3-3070-4153-A01E-5753E58A8841}.Release|Any CPU.Build.0 = Release|Any CPU
		{44B04397-A513-4D89-BD6D-B7D8F9B30B54}.Debug|Any CPU.ActiveCfg = Debug|Any CPU
		{44B04397-A513-4D89-BD6D-B7D8F9B30B54}.Debug|Any CPU.Build.0 = Debug|Any CPU
		{44B04397-A513-4D89-BD6D-B7D8F9B30B54}.Release|Any CPU.ActiveCfg = Release|Any CPU
		{44B04397-A513-4D89-BD6D-B7D8F9B30B54}.Release|Any CPU.Build.0 = Release|Any CPU
	EndGlobalSection
	GlobalSection(SolutionProperties) = preSolution
		HideSolutionNode = FALSE
	EndGlobalSection
	GlobalSection(ExtensibilityGlobals) = postSolution
		SolutionGuid = {43081CB2-8D49-4D3B-A2DD-5384E7F176FD}
	EndGlobalSection
EndGlobal
