
Microsoft Visual Studio Solution File, Format Version 12.00
# Visual Studio Version 16
VisualStudioVersion = 16.0.29709.97
MinimumVisualStudioVersion = 10.0.40219.1
Project("{FAE04EC0-301F-11D3-BF4B-00C04F79EFBC}") = "DesignPattern", "ConsoleApp1\DesignPattern.csproj", "{9C5263B5-3591-4274-B668-C9F560F73742}"
EndProject
Global
	GlobalSection(SolutionConfigurationPlatforms) = preSolution
		Debug|Any CPU = Debug|Any CPU
		Release|Any CPU = Release|Any CPU
	EndGlobalSection
	GlobalSection(ProjectConfigurationPlatforms) = postSolution
		{9C5263B5-3591-4274-B668-C9F560F73742}.Debug|Any CPU.ActiveCfg = Debug|Any CPU
		{9C5263B5-3591-4274-B668-C9F560F73742}.Debug|Any CPU.Build.0 = Debug|Any CPU
		{9C5263B5-3591-4274-B668-C9F560F73742}.Release|Any CPU.ActiveCfg = Release|Any CPU
		{9C5263B5-3591-4274-B668-C9F560F73742}.Release|Any CPU.Build.0 = Release|Any CPU
	EndGlobalSection
	GlobalSection(SolutionProperties) = preSolution
		HideSolutionNode = FALSE
	EndGlobalSection
	GlobalSection(ExtensibilityGlobals) = postSolution
		SolutionGuid = {A3197B36-F938-4E1A-BB24-DDF8AD6A92EC}
	EndGlobalSection
EndGlobal
